{
  "name": "ubuntu-blog-hugo",
  "version": "0.1.0",
  "lockfileVersion": 2,
  "requires": true,
  "packages": {
    "": {
      "name": "ubuntu-blog-hugo",
      "version": "0.1.0",
      "dependencies": {
        "vanilla-framework": "^4.5.1"
      }
    },
    "node_modules/vanilla-framework": {
      "version": "4.5.1",
      "resolved": "https://registry.npmjs.org/vanilla-framework/-/vanilla-framework-4.5.1.tgz",
      "integrity": "sha512-vF7GGZsXcQZnM2522Q2am08to/iM2K+EhsfYPuYsiHvp2kRGxY/rJ8tcjbKftNY859qOqT8yJg0PE+sVmKI5zg=="
    }
  },
  "dependencies": {
    "vanilla-framework": {
      "version": "4.5.1",
      "resolved": "https://registry.npmjs.org/vanilla-framework/-/vanilla-framework-4.5.1.tgz",
      "integrity": "sha512-vF7GGZsXcQZnM2522Q2am08to/iM2K+EhsfYPuYsiHvp2kRGxY/rJ8tcjbKftNY859qOqT8yJg0PE+sVmKI5zg=="
    }
  }
}
